// !$*UTF8*$!
{
	archiveVersion = 1;
	classes = {
	};
	objectVersion = 77;
	objects = {

/* Begin PBXContainerItemProxy section */
		5068A89A2CD903A5007CAD72 /* PBXContainerItemProxy */ = {
			isa = PBXContainerItemProxy;
			containerPortal = 5068A8812CD903A3007CAD72 /* Project object */;
			proxyType = 1;
			remoteGlobalIDString = 5068A8882CD903A3007CAD72;
			remoteInfo = "SwiftUI-Videos";
		};
		5068A8A42CD903A5007CAD72 /* PBXContainerItemProxy */ = {
			isa = PBXContainerItemProxy;
			containerPortal = 5068A8812CD903A3007CAD72 /* Project object */;
			proxyType = 1;
			remoteGlobalIDString = 5068A8882CD903A3007CAD72;
			remoteInfo = "SwiftUI-Videos";
		};
/* End PBXContainerItemProxy section */

/* Begin PBXFileReference section */
		5068A8892CD903A3007CAD72 /* SwiftUI-Videos.app */ = {isa = PBXFileReference; explicitFileType = wrapper.application; includeInIndex = 0; path = "SwiftUI-Videos.app"; sourceTree = BUILT_PRODUCTS_DIR; };
		5068A8992CD903A5007CAD72 /* SwiftUI-VideosTests.xctest */ = {isa = PBXFileReference; explicitFileType = wrapper.cfbundle; includeInIndex = 0; path = "SwiftUI-VideosTests.xctest"; sourceTree = BUILT_PRODUCTS_DIR; };
		5068A8A32CD903A5007CAD72 /* SwiftUI-VideosUITests.xctest */ = {isa = PBXFileReference; explicitFileType = wrapper.cfbundle; includeInIndex = 0; path = "SwiftUI-VideosUITests.xctest"; sourceTree = BUILT_PRODUCTS_DIR; };
/* End PBXFileReference section */

/* Begin PBXFileSystemSynchronizedRootGroup section */
		5068A88B2CD903A3007CAD72 /* SwiftUI-Videos */ = {
			isa = PBXFileSystemSynchronizedRootGroup;
			path = "SwiftUI-Videos";
			sourceTree = "<group>";
		};
		5068A89C2CD903A5007CAD72 /* SwiftUI-VideosTests */ = {
			isa = PBXFileSystemSynchronizedRootGroup;
			path = "SwiftUI-VideosTests";
			sourceTree = "<group>";
		};
		5068A8A62CD903A5007CAD72 /* SwiftUI-VideosUITests */ = {
			isa = PBXFileSystemSynchronizedRootGroup;
			path = "SwiftUI-VideosUITests";
			sourceTree = "<group>";
		};
/* End PBXFileSystemSynchronizedRootGroup section */

/* Begin PBXFrameworksBuildPhase section */
		5068A8862CD903A3007CAD72 /* Frameworks */ = {
			isa = PBXFrameworksBuildPhase;
			buildActionMask = 2147483647;
			files = (
			);
			runOnlyForDeploymentPostprocessing = 0;
		};
		5068A8962CD903A5007CAD72 /* Frameworks */ = {
			isa = PBXFrameworksBuildPhase;
			buildActionMask = 2147483647;
			files = (
			);
			runOnlyForDeploymentPostprocessing = 0;
		};
		5068A8A02CD903A5007CAD72 /* Frameworks */ = {
			isa = PBXFrameworksBuildPhase;
			buildActionMask = 2147483647;
			files = (
			);
			runOnlyForDeploymentPostprocessing = 0;
		};
/* End PBXFrameworksBuildPhase section */

/* Begin PBXGroup section */
		5068A8802CD903A3007CAD72 = {
			isa = PBXGroup;
			children = (
				5068A88B2CD903A3007CAD72 /* SwiftUI-Videos */,
				5068A89C2CD903A5007CAD72 /* SwiftUI-VideosTests */,
				5068A8A62CD903A5007CAD72 /* SwiftUI-VideosUITests */,
				5068A88A2CD903A3007CAD72 /* Products */,
			);
			sourceTree = "<group>";
		};
		5068A88A2CD903A3007CAD72 /* Products */ = {
			isa = PBXGroup;
			children = (
				5068A8892CD903A3007CAD72 /* SwiftUI-Videos.app */,
				5068A8992CD903A5007CAD72 /* SwiftUI-VideosTests.xctest */,
				5068A8A32CD903A5007CAD72 /* SwiftUI-VideosUITests.xctest */,
			);
			name = Products;
			sourceTree = "<group>";
		};
/* End PBXGroup section */

/* Begin PBXNativeTarget section */
		5068A8882CD903A3007CAD72 /* SwiftUI-Videos */ = {
			isa = PBXNativeTarget;
			buildConfigurationList = 5068A8AD2CD903A5007CAD72 /* Build configuration list for PBXNativeTarget "SwiftUI-Videos" */;
			buildPhases = (
				5068A8852CD903A3007CAD72 /* Sources */,
				5068A8862CD903A3007CAD72 /* Frameworks */,
				5068A8872CD903A3007CAD72 /* Resources */,
			);
			buildRules = (
			);
			dependencies = (
			);
			fileSystemSynchronizedGroups = (
				5068A88B2CD903A3007CAD72 /* SwiftUI-Videos */,
			);
			name = "SwiftUI-Videos";
			packageProductDependencies = (
			);
			productName = "SwiftUI-Videos";
			productReference = 5068A8892CD903A3007CAD72 /* SwiftUI-Videos.app */;
			productType = "com.apple.product-type.application";
		};
		5068A8982CD903A5007CAD72 /* SwiftUI-VideosTests */ = {
			isa = PBXNativeTarget;
			buildConfigurationList = 5068A8B02CD903A5007CAD72 /* Build configuration list for PBXNativeTarget "SwiftUI-VideosTests" */;
			buildPhases = (
				5068A8952CD903A5007CAD72 /* Sources */,
				5068A8962CD903A5007CAD72 /* Frameworks */,
				5068A8972CD903A5007CAD72 /* Resources */,
			);
			buildRules = (
			);
			dependencies = (
				5068A89B2CD903A5007CAD72 /* PBXTargetDependency */,
			);
			fileSystemSynchronizedGroups = (
				5068A89C2CD903A5007CAD72 /* SwiftUI-VideosTests */,
			);
			name = "SwiftUI-VideosTests";
			packageProductDependencies = (
			);
			productName = "SwiftUI-VideosTests";
			productReference = 5068A8992CD903A5007CAD72 /* SwiftUI-VideosTests.xctest */;
			productType = "com.apple.product-type.bundle.unit-test";
		};
		5068A8A22CD903A5007CAD72 /* SwiftUI-VideosUITests */ = {
			isa = PBXNativeTarget;
			buildConfigurationList = 5068A8B32CD903A5007CAD72 /* Build configuration list for PBXNativeTarget "SwiftUI-VideosUITests" */;
			buildPhases = (
				5068A89F2CD903A5007CAD72 /* Sources */,
				5068A8A02CD903A5007CAD72 /* Frameworks */,
				5068A8A12CD903A5007CAD72 /* Resources */,
			);
			buildRules = (
			);
			dependencies = (
				5068A8A52CD903A5007CAD72 /* PBXTargetDependency */,
			);
			fileSystemSynchronizedGroups = (
				5068A8A62CD903A5007CAD72 /* SwiftUI-VideosUITests */,
			);
			name = "SwiftUI-VideosUITests";
			packageProductDependencies = (
			);
			productName = "SwiftUI-VideosUITests";
			productReference = 5068A8A32CD903A5007CAD72 /* SwiftUI-VideosUITests.xctest */;
			productType = "com.apple.product-type.bundle.ui-testing";
		};
/* End PBXNativeTarget section */

/* Begin PBXProject section */
		5068A8812CD903A3007CAD72 /* Project object */ = {
			isa = PBXProject;
			attributes = {
				BuildIndependentTargetsInParallel = 1;
				LastSwiftUpdateCheck = 1600;
				LastUpgradeCheck = 1600;
				TargetAttributes = {
					5068A8882CD903A3007CAD72 = {
						CreatedOnToolsVersion = 16.0;
					};
					5068A8982CD903A5007CAD72 = {
						CreatedOnToolsVersion = 16.0;
						TestTargetID = 5068A8882CD903A3007CAD72;
					};
					5068A8A22CD903A5007CAD72 = {
						CreatedOnToolsVersion = 16.0;
						TestTargetID = 5068A8882CD903A3007CAD72;
					};
				};
			};
			buildConfigurationList = 5068A8842CD903A3007CAD72 /* Build configuration list for PBXProject "SwiftUI-Videos" */;
			developmentRegion = en;
			hasScannedForEncodings = 0;
			knownRegions = (
				en,
				Base,
			);
			mainGroup = 5068A8802CD903A3007CAD72;
			minimizedProjectReferenceProxies = 1;
			preferredProjectObjectVersion = 77;
			productRefGroup = 5068A88A2CD903A3007CAD72 /* Products */;
			projectDirPath = "";
			projectRoot = "";
			targets = (
				5068A8882CD903A3007CAD72 /* SwiftUI-Videos */,
				5068A8982CD903A5007CAD72 /* SwiftUI-VideosTests */,
				5068A8A22CD903A5007CAD72 /* SwiftUI-VideosUITests */,
			);
		};
/* End PBXProject section */

/* Begin PBXResourcesBuildPhase section */
		5068A8872CD903A3007CAD72 /* Resources */ = {
			isa = PBXResourcesBuildPhase;
			buildActionMask = 2147483647;
			files = (
			);
			runOnlyForDeploymentPostprocessing = 0;
		};
		5068A8972CD903A5007CAD72 /* Resources */ = {
			isa = PBXResourcesBuildPhase;
			buildActionMask = 2147483647;
			files = (
			);
			runOnlyForDeploymentPostprocessing = 0;
		};
		5068A8A12CD903A5007CAD72 /* Resources */ = {
			isa = PBXResourcesBuildPhase;
			buildActionMask = 2147483647;
			files = (
			);
			runOnlyForDeploymentPostprocessing = 0;
		};
/* End PBXResourcesBuildPhase section */

/* Begin PBXSourcesBuildPhase section */
		5068A8852CD903A3007CAD72 /* Sources */ = {
			isa = PBXSourcesBuildPhase;
			buildActionMask = 2147483647;
			files = (
			);
			runOnlyForDeploymentPostprocessing = 0;
		};
		5068A8952CD903A5007CAD72 /* Sources */ = {
			isa = PBXSourcesBuildPhase;
			buildActionMask = 2147483647;
			files = (
			);
			runOnlyForDeploymentPostprocessing = 0;
		};
		5068A89F2CD903A5007CAD72 /* Sources */ = {
			isa = PBXSourcesBuildPhase;
			buildActionMask = 2147483647;
			files = (
			);
			runOnlyForDeploymentPostprocessing = 0;
		};
/* End PBXSourcesBuildPhase section */

/* Begin PBXTargetDependency section */
		5068A89B2CD903A5007CAD72 /* PBXTargetDependency */ = {
			isa = PBXTargetDependency;
			target = 5068A8882CD903A3007CAD72 /* SwiftUI-Videos */;
			targetProxy = 5068A89A2CD903A5007CAD72 /* PBXContainerItemProxy */;
		};
		5068A8A52CD903A5007CAD72 /* PBXTargetDependency */ = {
			isa = PBXTargetDependency;
			target = 5068A8882CD903A3007CAD72 /* SwiftUI-Videos */;
			targetProxy = 5068A8A42CD903A5007CAD72 /* PBXContainerItemProxy */;
		};
/* End PBXTargetDependency section */

/* Begin XCBuildConfiguration section */
		5068A8AB2CD903A5007CAD72 /* Debug */ = {
			isa = XCBuildConfiguration;
			buildSettings = {
				ALWAYS_SEARCH_USER_PATHS = NO;
				ASSETCATALOG_COMPILER_GENERATE_SWIFT_ASSET_SYMBOL_EXTENSIONS = YES;
				CLANG_ANALYZER_NONNULL = YES;
				CLANG_ANALYZER_NUMBER_OBJECT_CONVERSION = YES_AGGRESSIVE;
				CLANG_CXX_LANGUAGE_STANDARD = "gnu++20";
				CLANG_ENABLE_MODULES = YES;
				CLANG_ENABLE_OBJC_ARC = YES;
				CLANG_ENABLE_OBJC_WEAK = YES;
				CLANG_WARN_BLOCK_CAPTURE_AUTORELEASING = YES;
				CLANG_WARN_BOOL_CONVERSION = YES;
				CLANG_WARN_COMMA = YES;
				CLANG_WARN_CONSTANT_CONVERSION = YES;
				CLANG_WARN_DEPRECATED_OBJC_IMPLEMENTATIONS = YES;
				CLANG_WARN_DIRECT_OBJC_ISA_USAGE = YES_ERROR;
				CLANG_WARN_DOCUMENTATION_COMMENTS = YES;
				CLANG_WARN_EMPTY_BODY = YES;
				CLANG_WARN_ENUM_CONVERSION = YES;
				CLANG_WARN_INFINITE_RECURSION = YES;
				CLANG_WARN_INT_CONVERSION = YES;
				CLANG_WARN_NON_LITERAL_NULL_CONVERSION = YES;
				CLANG_WARN_OBJC_IMPLICIT_RETAIN_SELF = YES;
				CLANG_WARN_OBJC_LITERAL_CONVERSION = YES;
				CLANG_WARN_OBJC_ROOT_CLASS = YES_ERROR;
				CLANG_WARN_QUOTED_INCLUDE_IN_FRAMEWORK_HEADER = YES;
				CLANG_WARN_RANGE_LOOP_ANALYSIS = YES;
				CLANG_WARN_STRICT_PROTOTYPES = YES;
				CLANG_WARN_SUSPICIOUS_MOVE = YES;
				CLANG_WARN_UNGUARDED_AVAILABILITY = YES_AGGRESSIVE;
				CLANG_WARN_UNREACHABLE_CODE = YES;
				CLANG_WARN__DUPLICATE_METHOD_MATCH = YES;
				COPY_PHASE_STRIP = NO;
				DEBUG_INFORMATION_FORMAT = dwarf;
				ENABLE_STRICT_OBJC_MSGSEND = YES;
				ENABLE_TESTABILITY = YES;
				ENABLE_USER_SCRIPT_SANDBOXING = YES;
				GCC_C_LANGUAGE_STANDARD = gnu17;
				GCC_DYNAMIC_NO_PIC = NO;
				GCC_NO_COMMON_BLOCKS = YES;
				GCC_OPTIMIZATION_LEVEL = 0;
				GCC_PREPROCESSOR_DEFINITIONS = (
					"DEBUG=1",
					"$(inherited)",
				);
				GCC_WARN_64_TO_32_BIT_CONVERSION = YES;
				GCC_WARN_ABOUT_RETURN_TYPE = YES_ERROR;
				GCC_WARN_UNDECLARED_SELECTOR = YES;
				GCC_WARN_UNINITIALIZED_AUTOS = YES_AGGRESSIVE;
				GCC_WARN_UNUSED_FUNCTION = YES;
				GCC_WARN_UNUSED_VARIABLE = YES;
				IPHONEOS_DEPLOYMENT_TARGET = 18.0;
				LOCALIZATION_PREFERS_STRING_CATALOGS = YES;
				MTL_ENABLE_DEBUG_INFO = INCLUDE_SOURCE;
				MTL_FAST_MATH = YES;
				ONLY_ACTIVE_ARCH = YES;
				SDKROOT = iphoneos;
				SWIFT_ACTIVE_COMPILATION_CONDITIONS = "DEBUG $(inherited)";
				SWIFT_OPTIMIZATION_LEVEL = "-Onone";
			};
			name = Debug;
		};
		5068A8AC2CD903A5007CAD72 /* Release */ = {
			isa = XCBuildConfiguration;
			buildSettings = {
				ALWAYS_SEARCH_USER_PATHS = NO;
				ASSETCATALOG_COMPILER_GENERATE_SWIFT_ASSET_SYMBOL_EXTENSIONS = YES;
				CLANG_ANALYZER_NONNULL = YES;
				CLANG_ANALYZER_NUMBER_OBJECT_CONVERSION = YES_AGGRESSIVE;
				CLANG_CXX_LANGUAGE_STANDARD = "gnu++20";
				CLANG_ENABLE_MODULES = YES;
				CLANG_ENABLE_OBJC_ARC = YES;
				CLANG_ENABLE_OBJC_WEAK = YES;
				CLANG_WARN_BLOCK_CAPTURE_AUTORELEASING = YES;
				CLANG_WARN_BOOL_CONVERSION = YES;
				CLANG_WARN_COMMA = YES;
				CLANG_WARN_CONSTANT_CONVERSION = YES;
				CLANG_WARN_DEPRECATED_OBJC_IMPLEMENTATIONS = YES;
				CLANG_WARN_DIRECT_OBJC_ISA_USAGE = YES_ERROR;
				CLANG_WARN_DOCUMENTATION_COMMENTS = YES;
				CLANG_WARN_EMPTY_BODY = YES;
				CLANG_WARN_ENUM_CONVERSION = YES;
				CLANG_WARN_INFINITE_RECURSION = YES;
				CLANG_WARN_INT_CONVERSION = YES;
				CLANG_WARN_NON_LITERAL_NULL_CONVERSION = YES;
				CLANG_WARN_OBJC_IMPLICIT_RETAIN_SELF = YES;
				CLANG_WARN_OBJC_LITERAL_CONVERSION = YES;
				CLANG_WARN_OBJC_ROOT_CLASS = YES_ERROR;
				CLANG_WARN_QUOTED_INCLUDE_IN_FRAMEWORK_HEADER = YES;
				CLANG_WARN_RANGE_LOOP_ANALYSIS = YES;
				CLANG_WARN_STRICT_PROTOTYPES = YES;
				CLANG_WARN_SUSPICIOUS_MOVE = YES;
				CLANG_WARN_UNGUARDED_AVAILABILITY = YES_AGGRESSIVE;
				CLANG_WARN_UNREACHABLE_CODE = YES;
				CLANG_WARN__DUPLICATE_METHOD_MATCH = YES;
				COPY_PHASE_STRIP = NO;
				DEBUG_INFORMATION_FORMAT = "dwarf-with-dsym";
				ENABLE_NS_ASSERTIONS = NO;
				ENABLE_STRICT_OBJC_MSGSEND = YES;
				ENABLE_USER_SCRIPT_SANDBOXING = YES;
				GCC_C_LANGUAGE_STANDARD = gnu17;
				GCC_NO_COMMON_BLOCKS = YES;
				GCC_WARN_64_TO_32_BIT_CONVERSION = YES;
				GCC_WARN_ABOUT_RETURN_TYPE = YES_ERROR;
				GCC_WARN_UNDECLARED_SELECTOR = YES;
				GCC_WARN_UNINITIALIZED_AUTOS = YES_AGGRESSIVE;
				GCC_WARN_UNUSED_FUNCTION = YES;
				GCC_WARN_UNUSED_VARIABLE = YES;
				IPHONEOS_DEPLOYMENT_TARGET = 18.0;
				LOCALIZATION_PREFERS_STRING_CATALOGS = YES;
				MTL_ENABLE_DEBUG_INFO = NO;
				MTL_FAST_MATH = YES;
				SDKROOT = iphoneos;
				SWIFT_COMPILATION_MODE = wholemodule;
				VALIDATE_PRODUCT = YES;
			};
			name = Release;
		};
		5068A8AE2CD903A5007CAD72 /* Debug */ = {
			isa = XCBuildConfiguration;
			buildSettings = {
				ASSETCATALOG_COMPILER_APPICON_NAME = AppIcon;
				ASSETCATALOG_COMPILER_GLOBAL_ACCENT_COLOR_NAME = AccentColor;
				CODE_SIGN_STYLE = Automatic;
				CURRENT_PROJECT_VERSION = 1;
				DEVELOPMENT_ASSET_PATHS = "\"SwiftUI-Videos/Preview Content\"";
				DEVELOPMENT_TEAM = KD7G9YD6XV;
				ENABLE_PREVIEWS = YES;
				GENERATE_INFOPLIST_FILE = YES;
				INFOPLIST_KEY_UIApplicationSceneManifest_Generation = YES;
				INFOPLIST_KEY_UIApplicationSupportsIndirectInputEvents = YES;
				INFOPLIST_KEY_UILaunchScreen_Generation = YES;
				INFOPLIST_KEY_UISupportedInterfaceOrientations_iPad = "UIInterfaceOrientationPortrait UIInterfaceOrientationPortraitUpsideDown UIInterfaceOrientationLandscapeLeft UIInterfaceOrientationLandscapeRight";
				INFOPLIST_KEY_UISupportedInterfaceOrientations_iPhone = "UIInterfaceOrientationPortrait UIInterfaceOrientationLandscapeLeft UIInterfaceOrientationLandscapeRight";
				LD_RUNPATH_SEARCH_PATHS = (
					"$(inherited)",
					"@executable_path/Frameworks",
				);
				MARKETING_VERSION = 1.0;
				PRODUCT_BUNDLE_IDENTIFIER = "com.alpha.SwiftUI-Videos";
				PRODUCT_NAME = "$(TARGET_NAME)";
				SWIFT_EMIT_LOC_STRINGS = YES;
				SWIFT_VERSION = 5.0;
				TARGETED_DEVICE_FAMILY = "1,2";
			};
			name = Debug;
		};
		5068A8AF2CD903A5007CAD72 /* Release */ = {
			isa = XCBuildConfiguration;
			buildSettings = {
				ASSETCATALOG_COMPILER_APPICON_NAME = AppIcon;
				ASSETCATALOG_COMPILER_GLOBAL_ACCENT_COLOR_NAME = AccentColor;
				CODE_SIGN_STYLE = Automatic;
				CURRENT_PROJECT_VERSION = 1;
				DEVELOPMENT_ASSET_PATHS = "\"SwiftUI-Videos/Preview Content\"";
				DEVELOPMENT_TEAM = KD7G9YD6XV;
				ENABLE_PREVIEWS = YES;
				GENERATE_INFOPLIST_FILE = YES;
				INFOPLIST_KEY_UIApplicationSceneManifest_Generation = YES;
				INFOPLIST_KEY_UIApplicationSupportsIndirectInputEvents = YES;
				INFOPLIST_KEY_UILaunchScreen_Generation = YES;
				INFOPLIST_KEY_UISupportedInterfaceOrientations_iPad = "UIInterfaceOrientationPortrait UIInterfaceOrientationPortraitUpsideDown UIInterfaceOrientationLandscapeLeft UIInterfaceOrientationLandscapeRight";
				INFOPLIST_KEY_UISupportedInterfaceOrientations_iPhone = "UIInterfaceOrientationPortrait UIInterfaceOrientationLandscapeLeft UIInterfaceOrientationLandscapeRight";
				LD_RUNPATH_SEARCH_PATHS = (
					"$(inherited)",
					"@executable_path/Frameworks",
				);
				MARKETING_VERSION = 1.0;
				PRODUCT_BUNDLE_IDENTIFIER = "com.alpha.SwiftUI-Videos";
				PRODUCT_NAME = "$(TARGET_NAME)";
				SWIFT_EMIT_LOC_STRINGS = YES;
				SWIFT_VERSION = 5.0;
				TARGETED_DEVICE_FAMILY = "1,2";
			};
			name = Release;
		};
		5068A8B12CD903A5007CAD72 /* Debug */ = {
			isa = XCBuildConfiguration;
			buildSettings = {
				BUNDLE_LOADER = "$(TEST_HOST)";
				CODE_SIGN_STYLE = Automatic;
				CURRENT_PROJECT_VERSION = 1;
				DEVELOPMENT_TEAM = KD7G9YD6XV;
				GENERATE_INFOPLIST_FILE = YES;
				IPHONEOS_DEPLOYMENT_TARGET = 18.0;
				MARKETING_VERSION = 1.0;
				PRODUCT_BUNDLE_IDENTIFIER = "com.alpha.SwiftUI-VideosTests";
				PRODUCT_NAME = "$(TARGET_NAME)";
				SWIFT_EMIT_LOC_STRINGS = NO;
				SWIFT_VERSION = 5.0;
				TARGETED_DEVICE_FAMILY = "1,2";
				TEST_HOST = "$(BUILT_PRODUCTS_DIR)/SwiftUI-Videos.app/$(BUNDLE_EXECUTABLE_FOLDER_PATH)/SwiftUI-Videos";
			};
			name = Debug;
		};
		5068A8B22CD903A5007CAD72 /* Release */ = {
			isa = XCBuildConfiguration;
			buildSettings = {
				BUNDLE_LOADER = "$(TEST_HOST)";
				CODE_SIGN_STYLE = Automatic;
				CURRENT_PROJECT_VERSION = 1;
				DEVELOPMENT_TEAM = KD7G9YD6XV;
				GENERATE_INFOPLIST_FILE = YES;
				IPHONEOS_DEPLOYMENT_TARGET = 18.0;
				MARKETING_VERSION = 1.0;
				PRODUCT_BUNDLE_IDENTIFIER = "com.alpha.SwiftUI-VideosTests";
				PRODUCT_NAME = "$(TARGET_NAME)";
				SWIFT_EMIT_LOC_STRINGS = NO;
				SWIFT_VERSION = 5.0;
				TARGETED_DEVICE_FAMILY = "1,2";
				TEST_HOST = "$(BUILT_PRODUCTS_DIR)/SwiftUI-Videos.app/$(BUNDLE_EXECUTABLE_FOLDER_PATH)/SwiftUI-Videos";
			};
			name = Release;
		};
		5068A8B42CD903A5007CAD72 /* Debug */ = {
			isa = XCBuildConfiguration;
			buildSettings = {
				CODE_SIGN_STYLE = Automatic;
				CURRENT_PROJECT_VERSION = 1;
				DEVELOPMENT_TEAM = KD7G9YD6XV;
				GENERATE_INFOPLIST_FILE = YES;
				MARKETING_VERSION = 1.0;
				PRODUCT_BUNDLE_IDENTIFIER = "com.alpha.SwiftUI-VideosUITests";
				PRODUCT_NAME = "$(TARGET_NAME)";
				SWIFT_EMIT_LOC_STRINGS = NO;
				SWIFT_VERSION = 5.0;
				TARGETED_DEVICE_FAMILY = "1,2";
				TEST_TARGET_NAME = "SwiftUI-Videos";
			};
			name = Debug;
		};
		5068A8B52CD903A5007CAD72 /* Release */ = {
			isa = XCBuildConfiguration;
			buildSettings = {
				CODE_SIGN_STYLE = Automatic;
				CURRENT_PROJECT_VERSION = 1;
				DEVELOPMENT_TEAM = KD7G9YD6XV;
				GENERATE_INFOPLIST_FILE = YES;
				MARKETING_VERSION = 1.0;
				PRODUCT_BUNDLE_IDENTIFIER = "com.alpha.SwiftUI-VideosUITests";
				PRODUCT_NAME = "$(TARGET_NAME)";
				SWIFT_EMIT_LOC_STRINGS = NO;
				SWIFT_VERSION = 5.0;
				TARGETED_DEVICE_FAMILY = "1,2";
				TEST_TARGET_NAME = "SwiftUI-Videos";
			};
			name = Release;
		};
/* End XCBuildConfiguration section */

/* Begin XCConfigurationList section */
		5068A8842CD903A3007CAD72 /* Build configuration list for PBXProject "SwiftUI-Videos" */ = {
			isa = XCConfigurationList;
			buildConfigurations = (
				5068A8AB2CD903A5007CAD72 /* Debug */,
				5068A8AC2CD903A5007CAD72 /* Release */,
			);
			defaultConfigurationIsVisible = 0;
			defaultConfigurationName = Release;
		};
		5068A8AD2CD903A5007CAD72 /* Build configuration list for PBXNativeTarget "SwiftUI-Videos" */ = {
			isa = XCConfigurationList;
			buildConfigurations = (
				5068A8AE2CD903A5007CAD72 /* Debug */,
				5068A8AF2CD903A5007CAD72 /* Release */,
			);
			defaultConfigurationIsVisible = 0;
			defaultConfigurationName = Release;
		};
		5068A8B02CD903A5007CAD72 /* Build configuration list for PBXNativeTarget "SwiftUI-VideosTests" */ = {
			isa = XCConfigurationList;
			buildConfigurations = (
				5068A8B12CD903A5007CAD72 /* Debug */,
				5068A8B22CD903A5007CAD72 /* Release */,
			);
			defaultConfigurationIsVisible = 0;
			defaultConfigurationName = Release;
		};
		5068A8B32CD903A5007CAD72 /* Build configuration list for PBXNativeTarget "SwiftUI-VideosUITests" */ = {
			isa = XCConfigurationList;
			buildConfigurations = (
				5068A8B42CD903A5007CAD72 /* Debug */,
				5068A8B52CD903A5007CAD72 /* Release */,
			);
			defaultConfigurationIsVisible = 0;
			defaultConfigurationName = Release;
		};
/* End XCConfigurationList section */
	};
	rootObject = 5068A8812CD903A3007CAD72 /* Project object */;
}
